Microsoft Visual Studio Solution File, Format Version 12.00
# Visual Studio Version 17
VisualStudioVersion = 17.5.2.0
MinimumVisualStudioVersion = 10.0.40219.1
Project("{FAE04EC0-301F-11D3-BF4B-00C04F79EFBC}") = "PubJazz", "PubJazz\PubJazz.csproj", "{CDAACAE3-8D2C-44CC-046C-B365776A74A2}"
EndProject
Global
	GlobalSection(SolutionConfigurationPlatforms) = preSolution
		Debug|Any CPU = Debug|Any CPU
		Release|Any CPU = Release|Any CPU
	EndGlobalSection
	GlobalSection(ProjectConfigurationPlatforms) = postSolution
		{CDAACAE3-8D2C-44CC-046C-B365776A74A2}.Debug|Any CPU.ActiveCfg = Debug|Any CPU
		{CDAACAE3-8D2C-44CC-046C-B365776A74A2}.Debug|Any CPU.Build.0 = Debug|Any CPU
		{CDAACAE3-8D2C-44CC-046C-B365776A74A2}.Release|Any CPU.ActiveCfg = Release|Any CPU
		{CDAACAE3-8D2C-44CC-046C-B365776A74A2}.Release|Any CPU.Build.0 = Release|Any CPU
	EndGlobalSection
	GlobalSection(SolutionProperties) = preSolution
		HideSolutionNode = FALSE
	EndGlobalSection
	GlobalSection(ExtensibilityGlobals) = postSolution
		SolutionGuid = {7D0069A8-58B5-430E-BE49-92BF25AB7755}
	EndGlobalSection
EndGlobal
